
Microsoft Visual Studio Solution File, Format Version 11.00
# Visual Studio 2010
Project("{FAE04EC0-301F-11D3-BF4B-00C04F79EFBC}") = "play feiji", "Assembly-CSharp.csproj", "{FC224CB4-3BE5-00FE-F472-D2ABAFB67558}"
EndProject
Project("{FAE04EC0-301F-11D3-BF4B-00C04F79EFBC}") = "play feiji", "Assembly-CSharp-Editor.csproj", "{4B8C24AA-F431-3CBE-14FF-C86E207402EA}"
EndProject
Global
	GlobalSection(SolutionConfigurationPlatforms) = preSolution
		Debug|Any CPU = Debug|Any CPU
		Release|Any CPU = Release|Any CPU
	EndGlobalSection
	GlobalSection(ProjectConfigurationPlatforms) = postSolution
		{FC224CB4-3BE5-00FE-F472-D2ABAFB67558}.Debug|Any CPU.ActiveCfg = Debug|Any CPU
		{FC224CB4-3BE5-00FE-F472-D2ABAFB67558}.Debug|Any CPU.Build.0 = Debug|Any CPU
		{FC224CB4-3BE5-00FE-F472-D2ABAFB67558}.Release|Any CPU.ActiveCfg = Release|Any CPU
		{FC224CB4-3BE5-00FE-F472-D2ABAFB67558}.Release|Any CPU.Build.0 = Release|Any CPU
		{4B8C24AA-F431-3CBE-14FF-C86E207402EA}.Debug|Any CPU.ActiveCfg = Debug|Any CPU
		{4B8C24AA-F431-3CBE-14FF-C86E207402EA}.Debug|Any CPU.Build.0 = Debug|Any CPU
		{4B8C24AA-F431-3CBE-14FF-C86E207402EA}.Release|Any CPU.ActiveCfg = Release|Any CPU
		{4B8C24AA-F431-3CBE-14FF-C86E207402EA}.Release|Any CPU.Build.0 = Release|Any CPU
	EndGlobalSection
	GlobalSection(SolutionProperties) = preSolution
		HideSolutionNode = FALSE
	EndGlobalSection
	GlobalSection(MonoDevelopProperties) = preSolution
		StartupItem = Assembly-CSharp.csproj
	EndGlobalSection
EndGlobal
