
Microsoft Visual Studio Solution File, Format Version 11.00
# Visual Studio 2010
Project("{FAE04EC0-301F-11D3-BF4B-00C04F79EFBC}") = "Spaceshooter", "Assembly-CSharp.csproj", "{1839A839-E50E-A897-F0CE-AEABF3F7A812}"
EndProject
Project("{FAE04EC0-301F-11D3-BF4B-00C04F79EFBC}") = "Spaceshooter", "Assembly-CSharp-Editor.csproj", "{C21F35B2-F50F-5398-060C-BC92128ABF85}"
EndProject
Global
	GlobalSection(SolutionConfigurationPlatforms) = preSolution
		Debug|Any CPU = Debug|Any CPU
		Release|Any CPU = Release|Any CPU
	EndGlobalSection
	GlobalSection(ProjectConfigurationPlatforms) = postSolution
		{1839A839-E50E-A897-F0CE-AEABF3F7A812}.Debug|Any CPU.ActiveCfg = Debug|Any CPU
		{1839A839-E50E-A897-F0CE-AEABF3F7A812}.Debug|Any CPU.Build.0 = Debug|Any CPU
		{1839A839-E50E-A897-F0CE-AEABF3F7A812}.Release|Any CPU.ActiveCfg = Release|Any CPU
		{1839A839-E50E-A897-F0CE-AEABF3F7A812}.Release|Any CPU.Build.0 = Release|Any CPU
		{C21F35B2-F50F-5398-060C-BC92128ABF85}.Debug|Any CPU.ActiveCfg = Debug|Any CPU
		{C21F35B2-F50F-5398-060C-BC92128ABF85}.Debug|Any CPU.Build.0 = Debug|Any CPU
		{C21F35B2-F50F-5398-060C-BC92128ABF85}.Release|Any CPU.ActiveCfg = Release|Any CPU
		{C21F35B2-F50F-5398-060C-BC92128ABF85}.Release|Any CPU.Build.0 = Release|Any CPU
	EndGlobalSection
	GlobalSection(SolutionProperties) = preSolution
		HideSolutionNode = FALSE
	EndGlobalSection
	GlobalSection(MonoDevelopProperties) = preSolution
		StartupItem = Assembly-CSharp.csproj
	EndGlobalSection
EndGlobal
